
Microsoft Visual Studio Solution File, Format Version 12.00
# Visual Studio 15
VisualStudioVersion = 15.0.26730.10
MinimumVisualStudioVersion = 10.0.40219.1
Project("{FAE04EC0-301F-11D3-BF4B-00C04F79EFBC}") = "Xamarinsample.Android", "Xamarinsample\Xamarinsample.Android\Xamarinsample.Android.csproj", "{FA00A82E-BD2F-4210-9C07-0A8D26E6A5F0}"
EndProject
Project("{FAE04EC0-301F-11D3-BF4B-00C04F79EFBC}") = "Xamarinsample", "Xamarinsample\Xamarinsample\Xamarinsample.csproj", "{B18D7F19-CED9-4539-8A0D-48DC2A85E2BD}"
EndProject
Project("{FAE04EC0-301F-11D3-BF4B-00C04F79EFBC}") = "Xamarinsample.UWP", "Xamarinsample\Xamarinsample.UWP\Xamarinsample.UWP.csproj", "{0E514B07-A715-4807-86E5-FB6DD8396367}"
EndProject
Project("{FAE04EC0-301F-11D3-BF4B-00C04F79EFBC}") = "Xamarinsample.iOS", "Xamarinsample\Xamarinsample.iOS\Xamarinsample.iOS.csproj", "{C7AFD0B4-6AC4-47DF-934C-B99ABD74A296}"
EndProject
Global
	GlobalSection(SolutionConfigurationPlatforms) = preSolution
		Ad-Hoc|Any CPU = Ad-Hoc|Any CPU
		Ad-Hoc|ARM = Ad-Hoc|ARM
		Ad-Hoc|iPhone = Ad-Hoc|iPhone
		Ad-Hoc|iPhoneSimulator = Ad-Hoc|iPhoneSimulator
		Ad-Hoc|x64 = Ad-Hoc|x64
		Ad-Hoc|x86 = Ad-Hoc|x86
		AppStore|Any CPU = AppStore|Any CPU
		AppStore|ARM = AppStore|ARM
		AppStore|iPhone = AppStore|iPhone
		AppStore|iPhoneSimulator = AppStore|iPhoneSimulator
		AppStore|x64 = AppStore|x64
		AppStore|x86 = AppStore|x86
		Debug|Any CPU = Debug|Any CPU
		Debug|ARM = Debug|ARM
		Debug|iPhone = Debug|iPhone
		Debug|iPhoneSimulator = Debug|iPhoneSimulator
		Debug|x64 = Debug|x64
		Debug|x86 = Debug|x86
		Release|Any CPU = Release|Any CPU
		Release|ARM = Release|ARM
		Release|iPhone = Release|iPhone
		Release|iPhoneSimulator = Release|iPhoneSimulator
		Release|x64 = Release|x64
		Release|x86 = Release|x86
	EndGlobalSection
	GlobalSection(ProjectConfigurationPlatforms) = postSolution
		{FA00A82E-BD2F-4210-9C07-0A8D26E6A5F0}.Ad-Hoc|Any CPU.ActiveCfg = Release|Any CPU
		{FA00A82E-BD2F-4210-9C07-0A8D26E6A5F0}.Ad-Hoc|Any CPU.Build.0 = Release|Any CPU
		{FA00A82E-BD2F-4210-9C07-0A8D26E6A5F0}.Ad-Hoc|Any CPU.Deploy.0 = Release|Any CPU
		{FA00A82E-BD2F-4210-9C07-0A8D26E6A5F0}.Ad-Hoc|ARM.ActiveCfg = Release|Any CPU
		{FA00A82E-BD2F-4210-9C07-0A8D26E6A5F0}.Ad-Hoc|ARM.Build.0 = Release|Any CPU
		{FA00A82E-BD2F-4210-9C07-0A8D26E6A5F0}.Ad-Hoc|ARM.Deploy.0 = Release|Any CPU
		{FA00A82E-BD2F-4210-9C07-0A8D26E6A5F0}.Ad-Hoc|iPhone.ActiveCfg = Release|Any CPU
		{FA00A82E-BD2F-4210-9C07-0A8D26E6A5F0}.Ad-Hoc|iPhone.Build.0 = Release|Any CPU
		{FA00A82E-BD2F-4210-9C07-0A8D26E6A5F0}.Ad-Hoc|iPhone.Deploy.0 = Release|Any CPU
		{FA00A82E-BD2F-4210-9C07-0A8D26E6A5F0}.Ad-Hoc|iPhoneSimulator.ActiveCfg = Release|Any CPU
		{FA00A82E-BD2F-4210-9C07-0A8D26E6A5F0}.Ad-Hoc|iPhoneSimulator.Build.0 = Release|Any CPU
		{FA00A82E-BD2F-4210-9C07-0A8D26E6A5F0}.Ad-Hoc|iPhoneSimulator.Deploy.0 = Release|Any CPU
		{FA00A82E-BD2F-4210-9C07-0A8D26E6A5F0}.Ad-Hoc|x64.ActiveCfg = Release|Any CPU
		{FA00A82E-BD2F-4210-9C07-0A8D26E6A5F0}.Ad-Hoc|x64.Build.0 = Release|Any CPU
		{FA00A82E-BD2F-4210-9C07-0A8D26E6A5F0}.Ad-Hoc|x64.Deploy.0 = Release|Any CPU
		{FA00A82E-BD2F-4210-9C07-0A8D26E6A5F0}.Ad-Hoc|x86.ActiveCfg = Release|Any CPU
		{FA00A82E-BD2F-4210-9C07-0A8D26E6A5F0}.Ad-Hoc|x86.Build.0 = Release|Any CPU
		{FA00A82E-BD2F-4210-9C07-0A8D26E6A5F0}.Ad-Hoc|x86.Deploy.0 = Release|Any CPU
		{FA00A82E-BD2F-4210-9C07-0A8D26E6A5F0}.AppStore|Any CPU.ActiveCfg = Release|Any CPU
		{FA00A82E-BD2F-4210-9C07-0A8D26E6A5F0}.AppStore|Any CPU.Build.0 = Release|Any CPU
		{FA00A82E-BD2F-4210-9C07-0A8D26E6A5F0}.AppStore|Any CPU.Deploy.0 = Release|Any CPU
		{FA00A82E-BD2F-4210-9C07-0A8D26E6A5F0}.AppStore|ARM.ActiveCfg = Release|Any CPU
		{FA00A82E-BD2F-4210-9C07-0A8D26E6A5F0}.AppStore|ARM.Build.0 = Release|Any CPU
		{FA00A82E-BD2F-4210-9C07-0A8D26E6A5F0}.AppStore|ARM.Deploy.0 = Release|Any CPU
		{FA00A82E-BD2F-4210-9C07-0A8D26E6A5F0}.AppStore|iPhone.ActiveCfg = Release|Any CPU
		{FA00A82E-BD2F-4210-9C07-0A8D26E6A5F0}.AppStore|iPhone.Build.0 = Release|Any CPU
		{FA00A82E-BD2F-4210-9C07-0A8D26E6A5F0}.AppStore|iPhone.Deploy.0 = Release|Any CPU
		{FA00A82E-BD2F-4210-9C07-0A8D26E6A5F0}.AppStore|iPhoneSimulator.ActiveCfg = Release|Any CPU
		{FA00A82E-BD2F-4210-9C07-0A8D26E6A5F0}.AppStore|iPhoneSimulator.Build.0 = Release|Any CPU
		{FA00A82E-BD2F-4210-9C07-0A8D26E6A5F0}.AppStore|iPhoneSimulator.Deploy.0 = Release|Any CPU
		{FA00A82E-BD2F-4210-9C07-0A8D26E6A5F0}.AppStore|x64.ActiveCfg = Release|Any CPU
		{FA00A82E-BD2F-4210-9C07-0A8D26E6A5F0}.AppStore|x64.Build.0 = Release|Any CPU
		{FA00A82E-BD2F-4210-9C07-0A8D26E6A5F0}.AppStore|x64.Deploy.0 = Release|Any CPU
		{FA00A82E-BD2F-4210-9C07-0A8D26E6A5F0}.AppStore|x86.ActiveCfg = Release|Any CPU
		{FA00A82E-BD2F-4210-9C07-0A8D26E6A5F0}.AppStore|x86.Build.0 = Release|Any CPU
		{FA00A82E-BD2F-4210-9C07-0A8D26E6A5F0}.AppStore|x86.Deploy.0 = Release|Any CPU
		{FA00A82E-BD2F-4210-9C07-0A8D26E6A5F0}.Debug|Any CPU.ActiveCfg = Debug|Any CPU
		{FA00A82E-BD2F-4210-9C07-0A8D26E6A5F0}.Debug|Any CPU.Build.0 = Debug|Any CPU
		{FA00A82E-BD2F-4210-9C07-0A8D26E6A5F0}.Debug|Any CPU.Deploy.0 = Debug|Any CPU
		{FA00A82E-BD2F-4210-9C07-0A8D26E6A5F0}.Debug|ARM.ActiveCfg = Debug|Any CPU
		{FA00A82E-BD2F-4210-9C07-0A8D26E6A5F0}.Debug|ARM.Build.0 = Debug|Any CPU
		{FA00A82E-BD2F-4210-9C07-0A8D26E6A5F0}.Debug|ARM.Deploy.0 = Debug|Any CPU
		{FA00A82E-BD2F-4210-9C07-0A8D26E6A5F0}.Debug|iPhone.ActiveCfg = Debug|Any CPU
		{FA00A82E-BD2F-4210-9C07-0A8D26E6A5F0}.Debug|iPhone.Build.0 = Debug|Any CPU
		{FA00A82E-BD2F-4210-9C07-0A8D26E6A5F0}.Debug|iPhone.Deploy.0 = Debug|Any CPU
		{FA00A82E-BD2F-4210-9C07-0A8D26E6A5F0}.Debug|iPhoneSimulator.ActiveCfg = Debug|Any CPU
		{FA00A82E-BD2F-4210-9C07-0A8D26E6A5F0}.Debug|iPhoneSimulator.Build.0 = Debug|Any CPU
		{FA00A82E-BD2F-4210-9C07-0A8D26E6A5F0}.Debug|iPhoneSimulator.Deploy.0 = Debug|Any CPU
		{FA00A82E-BD2F-4210-9C07-0A8D26E6A5F0}.Debug|x64.ActiveCfg = Debug|Any CPU
		{FA00A82E-BD2F-4210-9C07-0A8D26E6A5F0}.Debug|x64.Build.0 = Debug|Any CPU
		{FA00A82E-BD2F-4210-9C07-0A8D26E6A5F0}.Debug|x64.Deploy.0 = Debug|Any CPU
		{FA00A82E-BD2F-4210-9C07-0A8D26E6A5F0}.Debug|x86.ActiveCfg = Debug|Any CPU
		{FA00A82E-BD2F-4210-9C07-0A8D26E6A5F0}.Debug|x86.Build.0 = Debug|Any CPU
		{FA00A82E-BD2F-4210-9C07-0A8D26E6A5F0}.Debug|x86.Deploy.0 = Debug|Any CPU
		{FA00A82E-BD2F-4210-9C07-0A8D26E6A5F0}.Release|Any CPU.ActiveCfg = Release|Any CPU
		{FA00A82E-BD2F-4210-9C07-0A8D26E6A5F0}.Release|Any CPU.Build.0 = Release|Any CPU
		{FA00A82E-BD2F-4210-9C07-0A8D26E6A5F0}.Release|Any CPU.Deploy.0 = Release|Any CPU
		{FA00A82E-BD2F-4210-9C07-0A8D26E6A5F0}.Release|ARM.ActiveCfg = Release|Any CPU
		{FA00A82E-BD2F-4210-9C07-0A8D26E6A5F0}.Release|ARM.Build.0 = Release|Any CPU
		{FA00A82E-BD2F-4210-9C07-0A8D26E6A5F0}.Release|ARM.Deploy.0 = Release|Any CPU
		{FA00A82E-BD2F-4210-9C07-0A8D26E6A5F0}.Release|iPhone.ActiveCfg = Release|Any CPU
		{FA00A82E-BD2F-4210-9C07-0A8D26E6A5F0}.Release|iPhone.Build.0 = Release|Any CPU
		{FA00A82E-BD2F-4210-9C07-0A8D26E6A5F0}.Release|iPhone.Deploy.0 = Release|Any CPU
		{FA00A82E-BD2F-4210-9C07-0A8D26E6A5F0}.Release|iPhoneSimulator.ActiveCfg = Release|Any CPU
		{FA00A82E-BD2F-4210-9C07-0A8D26E6A5F0}.Release|iPhoneSimulator.Build.0 = Release|Any CPU
		{FA00A82E-BD2F-4210-9C07-0A8D26E6A5F0}.Release|iPhoneSimulator.Deploy.0 = Release|Any CPU
		{FA00A82E-BD2F-4210-9C07-0A8D26E6A5F0}.Release|x64.ActiveCfg = Release|Any CPU
		{FA00A82E-BD2F-4210-9C07-0A8D26E6A5F0}.Release|x64.Build.0 = Release|Any CPU
		{FA00A82E-BD2F-4210-9C07-0A8D26E6A5F0}.Release|x64.Deploy.0 = Release|Any CPU
		{FA00A82E-BD2F-4210-9C07-0A8D26E6A5F0}.Release|x86.ActiveCfg = Release|Any CPU
		{FA00A82E-BD2F-4210-9C07-0A8D26E6A5F0}.Release|x86.Build.0 = Release|Any CPU
		{FA00A82E-BD2F-4210-9C07-0A8D26E6A5F0}.Release|x86.Deploy.0 = Release|Any CPU
		{B18D7F19-CED9-4539-8A0D-48DC2A85E2BD}.Ad-Hoc|Any CPU.ActiveCfg = Release|Any CPU
		{B18D7F19-CED9-4539-8A0D-48DC2A85E2BD}.Ad-Hoc|Any CPU.Build.0 = Release|Any CPU
		{B18D7F19-CED9-4539-8A0D-48DC2A85E2BD}.Ad-Hoc|ARM.ActiveCfg = Release|Any CPU
		{B18D7F19-CED9-4539-8A0D-48DC2A85E2BD}.Ad-Hoc|ARM.Build.0 = Release|Any CPU
		{B18D7F19-CED9-4539-8A0D-48DC2A85E2BD}.Ad-Hoc|iPhone.ActiveCfg = Release|Any CPU
		{B18D7F19-CED9-4539-8A0D-48DC2A85E2BD}.Ad-Hoc|iPhone.Build.0 = Release|Any CPU
		{B18D7F19-CED9-4539-8A0D-48DC2A85E2BD}.Ad-Hoc|iPhoneSimulator.ActiveCfg = Release|Any CPU
		{B18D7F19-CED9-4539-8A0D-48DC2A85E2BD}.Ad-Hoc|iPhoneSimulator.Build.0 = Release|Any CPU
		{B18D7F19-CED9-4539-8A0D-48DC2A85E2BD}.Ad-Hoc|x64.ActiveCfg = Release|Any CPU
		{B18D7F19-CED9-4539-8A0D-48DC2A85E2BD}.Ad-Hoc|x64.Build.0 = Release|Any CPU
		{B18D7F19-CED9-4539-8A0D-48DC2A85E2BD}.Ad-Hoc|x86.ActiveCfg = Release|Any CPU
		{B18D7F19-CED9-4539-8A0D-48DC2A85E2BD}.Ad-Hoc|x86.Build.0 = Release|Any CPU
		{B18D7F19-CED9-4539-8A0D-48DC2A85E2BD}.AppStore|Any CPU.ActiveCfg = Release|Any CPU
		{B18D7F19-CED9-4539-8A0D-48DC2A85E2BD}.AppStore|Any CPU.Build.0 = Release|Any CPU
		{B18D7F19-CED9-4539-8A0D-48DC2A85E2BD}.AppStore|ARM.ActiveCfg = Release|Any CPU
		{B18D7F19-CED9-4539-8A0D-48DC2A85E2BD}.AppStore|ARM.Build.0 = Release|Any CPU
		{B18D7F19-CED9-4539-8A0D-48DC2A85E2BD}.AppStore|iPhone.ActiveCfg = Release|Any CPU
		{B18D7F19-CED9-4539-8A0D-48DC2A85E2BD}.AppStore|iPhone.Build.0 = Release|Any CPU
		{B18D7F19-CED9-4539-8A0D-48DC2A85E2BD}.AppStore|iPhoneSimulator.ActiveCfg = Release|Any CPU
		{B18D7F19-CED9-4539-8A0D-48DC2A85E2BD}.AppStore|iPhoneSimulator.Build.0 = Release|Any CPU
		{B18D7F19-CED9-4539-8A0D-48DC2A85E2BD}.AppStore|x64.ActiveCfg = Release|Any CPU
		{B18D7F19-CED9-4539-8A0D-48DC2A85E2BD}.AppStore|x64.Build.0 = Release|Any CPU
		{B18D7F19-CED9-4539-8A0D-48DC2A85E2BD}.AppStore|x86.ActiveCfg = Release|Any CPU
		{B18D7F19-CED9-4539-8A0D-48DC2A85E2BD}.AppStore|x86.Build.0 = Release|Any CPU
		{B18D7F19-CED9-4539-8A0D-48DC2A85E2BD}.Debug|Any CPU.ActiveCfg = Debug|Any CPU
		{B18D7F19-CED9-4539-8A0D-48DC2A85E2BD}.Debug|Any CPU.Build.0 = Debug|Any CPU
		{B18D7F19-CED9-4539-8A0D-48DC2A85E2BD}.Debug|ARM.ActiveCfg = Debug|Any CPU
		{B18D7F19-CED9-4539-8A0D-48DC2A85E2BD}.Debug|ARM.Build.0 = Debug|Any CPU
		{B18D7F19-CED9-4539-8A0D-48DC2A85E2BD}.Debug|iPhone.ActiveCfg = Debug|Any CPU
		{B18D7F19-CED9-4539-8A0D-48DC2A85E2BD}.Debug|iPhone.Build.0 = Debug|Any CPU
		{B18D7F19-CED9-4539-8A0D-48DC2A85E2BD}.Debug|iPhoneSimulator.ActiveCfg = Debug|Any CPU
		{B18D7F19-CED9-4539-8A0D-48DC2A85E2BD}.Debug|iPhoneSimulator.Build.0 = Debug|Any CPU
		{B18D7F19-CED9-4539-8A0D-48DC2A85E2BD}.Debug|x64.ActiveCfg = Debug|Any CPU
		{B18D7F19-CED9-4539-8A0D-48DC2A85E2BD}.Debug|x64.Build.0 = Debug|Any CPU
		{B18D7F19-CED9-4539-8A0D-48DC2A85E2BD}.Debug|x86.ActiveCfg = Debug|Any CPU
		{B18D7F19-CED9-4539-8A0D-48DC2A85E2BD}.Debug|x86.Build.0 = Debug|Any CPU
		{B18D7F19-CED9-4539-8A0D-48DC2A85E2BD}.Release|Any CPU.ActiveCfg = Release|Any CPU
		{B18D7F19-CED9-4539-8A0D-48DC2A85E2BD}.Release|Any CPU.Build.0 = Release|Any CPU
		{B18D7F19-CED9-4539-8A0D-48DC2A85E2BD}.Release|ARM.ActiveCfg = Release|Any CPU
		{B18D7F19-CED9-4539-8A0D-48DC2A85E2BD}.Release|ARM.Build.0 = Release|Any CPU
		{B18D7F19-CED9-4539-8A0D-48DC2A85E2BD}.Release|iPhone.ActiveCfg = Release|Any CPU
		{B18D7F19-CED9-4539-8A0D-48DC2A85E2BD}.Release|iPhone.Build.0 = Release|Any CPU
		{B18D7F19-CED9-4539-8A0D-48DC2A85E2BD}.Release|iPhoneSimulator.ActiveCfg = Release|Any CPU
		{B18D7F19-CED9-4539-8A0D-48DC2A85E2BD}.Release|iPhoneSimulator.Build.0 = Release|Any CPU
		{B18D7F19-CED9-4539-8A0D-48DC2A85E2BD}.Release|x64.ActiveCfg = Release|Any CPU
		{B18D7F19-CED9-4539-8A0D-48DC2A85E2BD}.Release|x64.Build.0 = Release|Any CPU
		{B18D7F19-CED9-4539-8A0D-48DC2A85E2BD}.Release|x86.ActiveCfg = Release|Any CPU
		{B18D7F19-CED9-4539-8A0D-48DC2A85E2BD}.Release|x86.Build.0 = Release|Any CPU
		{0E514B07-A715-4807-86E5-FB6DD8396367}.Ad-Hoc|Any CPU.ActiveCfg = Release|x86
		{0E514B07-A715-4807-86E5-FB6DD8396367}.Ad-Hoc|Any CPU.Build.0 = Release|x86
		{0E514B07-A715-4807-86E5-FB6DD8396367}.Ad-Hoc|Any CPU.Deploy.0 = Release|x86
		{0E514B07-A715-4807-86E5-FB6DD8396367}.Ad-Hoc|ARM.ActiveCfg = Release|ARM
		{0E514B07-A715-4807-86E5-FB6DD8396367}.Ad-Hoc|ARM.Build.0 = Release|ARM
		{0E514B07-A715-4807-86E5-FB6DD8396367}.Ad-Hoc|ARM.Deploy.0 = Release|ARM
		{0E514B07-A715-4807-86E5-FB6DD8396367}.Ad-Hoc|iPhone.ActiveCfg = Release|x86
		{0E514B07-A715-4807-86E5-FB6DD8396367}.Ad-Hoc|iPhone.Build.0 = Release|x86
		{0E514B07-A715-4807-86E5-FB6DD8396367}.Ad-Hoc|iPhone.Deploy.0 = Release|x86
		{0E514B07-A715-4807-86E5-FB6DD8396367}.Ad-Hoc|iPhoneSimulator.ActiveCfg = Release|x86
		{0E514B07-A715-4807-86E5-FB6DD8396367}.Ad-Hoc|iPhoneSimulator.Build.0 = Release|x86
		{0E514B07-A715-4807-86E5-FB6DD8396367}.Ad-Hoc|iPhoneSimulator.Deploy.0 = Release|x86
		{0E514B07-A715-4807-86E5-FB6DD8396367}.Ad-Hoc|x64.ActiveCfg = Release|x64
		{0E514B07-A715-4807-86E5-FB6DD8396367}.Ad-Hoc|x64.Build.0 = Release|x64
		{0E514B07-A715-4807-86E5-FB6DD8396367}.Ad-Hoc|x64.Deploy.0 = Release|x64
		{0E514B07-A715-4807-86E5-FB6DD8396367}.Ad-Hoc|x86.ActiveCfg = Release|x86
		{0E514B07-A715-4807-86E5-FB6DD8396367}.Ad-Hoc|x86.Build.0 = Release|x86
		{0E514B07-A715-4807-86E5-FB6DD8396367}.Ad-Hoc|x86.Deploy.0 = Release|x86
		{0E514B07-A715-4807-86E5-FB6DD8396367}.AppStore|Any CPU.ActiveCfg = Release|x86
		{0E514B07-A715-4807-86E5-FB6DD8396367}.AppStore|Any CPU.Build.0 = Release|x86
		{0E514B07-A715-4807-86E5-FB6DD8396367}.AppStore|Any CPU.Deploy.0 = Release|x86
		{0E514B07-A715-4807-86E5-FB6DD8396367}.AppStore|ARM.ActiveCfg = Release|ARM
		{0E514B07-A715-4807-86E5-FB6DD8396367}.AppStore|ARM.Build.0 = Release|ARM
		{0E514B07-A715-4807-86E5-FB6DD8396367}.AppStore|ARM.Deploy.0 = Release|ARM
		{0E514B07-A715-4807-86E5-FB6DD8396367}.AppStore|iPhone.ActiveCfg = Release|x86
		{0E514B07-A715-4807-86E5-FB6DD8396367}.AppStore|iPhone.Build.0 = Release|x86
		{0E514B07-A715-4807-86E5-FB6DD8396367}.AppStore|iPhone.Deploy.0 = Release|x86
		{0E514B07-A715-4807-86E5-FB6DD8396367}.AppStore|iPhoneSimulator.ActiveCfg = Release|x86
		{0E514B07-A715-4807-86E5-FB6DD8396367}.AppStore|iPhoneSimulator.Build.0 = Release|x86
		{0E514B07-A715-4807-86E5-FB6DD8396367}.AppStore|iPhoneSimulator.Deploy.0 = Release|x86
		{0E514B07-A715-4807-86E5-FB6DD8396367}.AppStore|x64.ActiveCfg = Release|x64
		{0E514B07-A715-4807-86E5-FB6DD8396367}.AppStore|x64.Build.0 = Release|x64
		{0E514B07-A715-4807-86E5-FB6DD8396367}.AppStore|x64.Deploy.0 = Release|x64
		{0E514B07-A715-4807-86E5-FB6DD8396367}.AppStore|x86.ActiveCfg = Release|x86
		{0E514B07-A715-4807-86E5-FB6DD8396367}.AppStore|x86.Build.0 = Release|x86
		{0E514B07-A715-4807-86E5-FB6DD8396367}.AppStore|x86.Deploy.0 = Release|x86
		{0E514B07-A715-4807-86E5-FB6DD8396367}.Debug|Any CPU.ActiveCfg = Debug|x86
		{0E514B07-A715-4807-86E5-FB6DD8396367}.Debug|ARM.ActiveCfg = Debug|ARM
		{0E514B07-A715-4807-86E5-FB6DD8396367}.Debug|ARM.Build.0 = Debug|ARM
		{0E514B07-A715-4807-86E5-FB6DD8396367}.Debug|ARM.Deploy.0 = Debug|ARM
		{0E514B07-A715-4807-86E5-FB6DD8396367}.Debug|iPhone.ActiveCfg = Debug|x86
		{0E514B07-A715-4807-86E5-FB6DD8396367}.Debug|iPhoneSimulator.ActiveCfg = Debug|x86
		{0E514B07-A715-4807-86E5-FB6DD8396367}.Debug|x64.ActiveCfg = Debug|x64
		{0E514B07-A715-4807-86E5-FB6DD8396367}.Debug|x64.Build.0 = Debug|x64
		{0E514B07-A715-4807-86E5-FB6DD8396367}.Debug|x64.Deploy.0 = Debug|x64
		{0E514B07-A715-4807-86E5-FB6DD8396367}.Debug|x86.ActiveCfg = Debug|x86
		{0E514B07-A715-4807-86E5-FB6DD8396367}.Debug|x86.Build.0 = Debug|x86
		{0E514B07-A715-4807-86E5-FB6DD8396367}.Debug|x86.Deploy.0 = Debug|x86
		{0E514B07-A715-4807-86E5-FB6DD8396367}.Release|Any CPU.ActiveCfg = Release|x86
		{0E514B07-A715-4807-86E5-FB6DD8396367}.Release|ARM.ActiveCfg = Release|ARM
		{0E514B07-A715-4807-86E5-FB6DD8396367}.Release|ARM.Build.0 = Release|ARM
		{0E514B07-A715-4807-86E5-FB6DD8396367}.Release|ARM.Deploy.0 = Release|ARM
		{0E514B07-A715-4807-86E5-FB6DD8396367}.Release|iPhone.ActiveCfg = Release|x86
		{0E514B07-A715-4807-86E5-FB6DD8396367}.Release|iPhoneSimulator.ActiveCfg = Release|x86
		{0E514B07-A715-4807-86E5-FB6DD8396367}.Release|x64.ActiveCfg = Release|x64
		{0E514B07-A715-4807-86E5-FB6DD8396367}.Release|x64.Build.0 = Release|x64
		{0E514B07-A715-4807-86E5-FB6DD8396367}.Release|x64.Deploy.0 = Release|x64
		{0E514B07-A715-4807-86E5-FB6DD8396367}.Release|x86.ActiveCfg = Release|x86
		{0E514B07-A715-4807-86E5-FB6DD8396367}.Release|x86.Build.0 = Release|x86
		{0E514B07-A715-4807-86E5-FB6DD8396367}.Release|x86.Deploy.0 = Release|x86
		{C7AFD0B4-6AC4-47DF-934C-B99ABD74A296}.Ad-Hoc|Any CPU.ActiveCfg = Ad-Hoc|iPhone
		{C7AFD0B4-6AC4-47DF-934C-B99ABD74A296}.Ad-Hoc|ARM.ActiveCfg = Ad-Hoc|iPhone
		{C7AFD0B4-6AC4-47DF-934C-B99ABD74A296}.Ad-Hoc|iPhone.ActiveCfg = Ad-Hoc|iPhone
		{C7AFD0B4-6AC4-47DF-934C-B99ABD74A296}.Ad-Hoc|iPhone.Build.0 = Ad-Hoc|iPhone
		{C7AFD0B4-6AC4-47DF-934C-B99ABD74A296}.Ad-Hoc|iPhoneSimulator.ActiveCfg = Ad-Hoc|iPhoneSimulator
		{C7AFD0B4-6AC4-47DF-934C-B99ABD74A296}.Ad-Hoc|iPhoneSimulator.Build.0 = Ad-Hoc|iPhoneSimulator
		{C7AFD0B4-6AC4-47DF-934C-B99ABD74A296}.Ad-Hoc|x64.ActiveCfg = Ad-Hoc|iPhone
		{C7AFD0B4-6AC4-47DF-934C-B99ABD74A296}.Ad-Hoc|x86.ActiveCfg = Ad-Hoc|iPhone
		{C7AFD0B4-6AC4-47DF-934C-B99ABD74A296}.AppStore|Any CPU.ActiveCfg = AppStore|iPhone
		{C7AFD0B4-6AC4-47DF-934C-B99ABD74A296}.AppStore|ARM.ActiveCfg = AppStore|iPhone
		{C7AFD0B4-6AC4-47DF-934C-B99ABD74A296}.AppStore|iPhone.ActiveCfg = AppStore|iPhone
		{C7AFD0B4-6AC4-47DF-934C-B99ABD74A296}.AppStore|iPhone.Build.0 = AppStore|iPhone
		{C7AFD0B4-6AC4-47DF-934C-B99ABD74A296}.AppStore|iPhoneSimulator.ActiveCfg = AppStore|iPhoneSimulator
		{C7AFD0B4-6AC4-47DF-934C-B99ABD74A296}.AppStore|iPhoneSimulator.Build.0 = AppStore|iPhoneSimulator
		{C7AFD0B4-6AC4-47DF-934C-B99ABD74A296}.AppStore|x64.ActiveCfg = AppStore|iPhone
		{C7AFD0B4-6AC4-47DF-934C-B99ABD74A296}.AppStore|x86.ActiveCfg = AppStore|iPhone
		{C7AFD0B4-6AC4-47DF-934C-B99ABD74A296}.Debug|Any CPU.ActiveCfg = Debug|iPhone
		{C7AFD0B4-6AC4-47DF-934C-B99ABD74A296}.Debug|ARM.ActiveCfg = Debug|iPhone
		{C7AFD0B4-6AC4-47DF-934C-B99ABD74A296}.Debug|iPhone.ActiveCfg = Debug|iPhone
		{C7AFD0B4-6AC4-47DF-934C-B99ABD74A296}.Debug|iPhone.Build.0 = Debug|iPhone
		{C7AFD0B4-6AC4-47DF-934C-B99ABD74A296}.Debug|iPhoneSimulator.ActiveCfg = Debug|iPhoneSimulator
		{C7AFD0B4-6AC4-47DF-934C-B99ABD74A296}.Debug|iPhoneSimulator.Build.0 = Debug|iPhoneSimulator
		{C7AFD0B4-6AC4-47DF-934C-B99ABD74A296}.Debug|x64.ActiveCfg = Debug|iPhone
		{C7AFD0B4-6AC4-47DF-934C-B99ABD74A296}.Debug|x86.ActiveCfg = Debug|iPhone
		{C7AFD0B4-6AC4-47DF-934C-B99ABD74A296}.Release|Any CPU.ActiveCfg = Release|iPhone
		{C7AFD0B4-6AC4-47DF-934C-B99ABD74A296}.Release|ARM.ActiveCfg = Release|iPhone
		{C7AFD0B4-6AC4-47DF-934C-B99ABD74A296}.Release|iPhone.ActiveCfg = Release|iPhone
		{C7AFD0B4-6AC4-47DF-934C-B99ABD74A296}.Release|iPhone.Build.0 = Release|iPhone
		{C7AFD0B4-6AC4-47DF-934C-B99ABD74A296}.Release|iPhoneSimulator.ActiveCfg = Release|iPhoneSimulator
		{C7AFD0B4-6AC4-47DF-934C-B99ABD74A296}.Release|iPhoneSimulator.Build.0 = Release|iPhoneSimulator
		{C7AFD0B4-6AC4-47DF-934C-B99ABD74A296}.Release|x64.ActiveCfg = Release|iPhone
		{C7AFD0B4-6AC4-47DF-934C-B99ABD74A296}.Release|x86.ActiveCfg = Release|iPhone
	EndGlobalSection
	GlobalSection(SolutionProperties) = preSolution
		HideSolutionNode = FALSE
	EndGlobalSection
	GlobalSection(ExtensibilityGlobals) = postSolution
		SolutionGuid = {1208B5BE-B4F5-4168-A583-98B867602C7F}
	EndGlobalSection
EndGlobal
